
Microsoft Visual Studio Solution File, Format Version 12.00
# Visual Studio Version 16
VisualStudioVersion = 16.0.31702.278
MinimumVisualStudioVersion = 10.0.40219.1
Project("{FAE04EC0-301F-11D3-BF4B-00C04F79EFBC}") = "Archiver", "Archiver.csproj", "{866888E9-64B9-4362-B30E-E3555CC942BE}"
EndProject
Global
	GlobalSection(SolutionConfigurationPlatforms) = preSolution
		Debug|Any CPU = Debug|Any CPU
		Release|Any CPU = Release|Any CPU
	EndGlobalSection
	GlobalSection(ProjectConfigurationPlatforms) = postSolution
		{866888E9-64B9-4362-B30E-E3555CC942BE}.Debug|Any CPU.ActiveCfg = Debug|Any CPU
		{866888E9-64B9-4362-B30E-E3555CC942BE}.Debug|Any CPU.Build.0 = Debug|Any CPU
		{866888E9-64B9-4362-B30E-E3555CC942BE}.Release|Any CPU.ActiveCfg = Release|Any CPU
		{866888E9-64B9-4362-B30E-E3555CC942BE}.Release|Any CPU.Build.0 = Release|Any CPU
	EndGlobalSection
	GlobalSection(SolutionProperties) = preSolution
		HideSolutionNode = FALSE
	EndGlobalSection
	GlobalSection(ExtensibilityGlobals) = postSolution
		SolutionGuid = {5CC2C893-0809-44E7-A212-8771BBC9AC18}
	EndGlobalSection
EndGlobal
